{
  "name": "browser-linux",
  "version": "0.0.1",
  "lockfileVersion": 3,
  "requires": true,
  "packages": {
    "": {
      "name": "browser-linux",
      "version": "0.0.1",
      "dependencies": {
        "@xterm/xterm": "^6.0.0",
        "v86": "0.5.470"
      },
      "devDependencies": {
        "ws": "^8.22.0"
      }
    },
    "node_modules/@xterm/xterm": {
      "version": "6.0.0",
      "resolved": "https://registry.npmmirror.com/@xterm/xterm/-/xterm-6.0.0.tgz",
      "integrity": "sha512-TQwDdQGtwwDt+2cgKDLn0IRaSxYu1tSUjgKarSDkUM0ZNiSRXFpjxEsvc/Zgc5kq5omJ+V0a8/kIM2WD3sMOYg==",
      "license": "MIT",
      "workspaces": [
        "addons/*"
      ]
    },
    "node_modules/v86": {
      "version": "0.5.470",
      "resolved": "https://registry.npmmirror.com/v86/-/v86-0.5.470.tgz",
      "integrity": "sha512-xDQa41SQ0NepVVni1BjZXS/4mf/4G8p4B7etweWGc0NGxYEcyXrBRpRHnMTrSn8UJCRLWLug6R3YNQWVsZDFYQ==",
      "license": "BSD-2-Clause"
    },
    "node_modules/ws": {
      "version": "8.22.0",
      "resolved": "https://registry.npmmirror.com/ws/-/ws-8.22.0.tgz",
      "integrity": "sha512-Ydggc987+RO0AnWtZ/7Wq9FtNvcrL1b/RO0ud9mWjUPgDrsAAwQSF51sm2hm1XofbU/4jkpGEsLFsZZxU+1DOg==",
      "dev": true,
      "license": "MIT",
      "engines": {
        "node": ">=10.0.0"
      },
      "peerDependencies": {
        "bufferutil": "^4.0.1",
        "utf-8-validate": ">=5.0.2"
      },
      "peerDependenciesMeta": {
        "bufferutil": {
          "optional": true
        },
        "utf-8-validate": {
          "optional": true
        }
      }
    }
  }
}
